
Microsoft Visual Studio Solution File, Format Version 12.00
# Visual Studio Version 16
VisualStudioVersion = 16.0.31321.278
MinimumVisualStudioVersion = 10.0.40219.1
Project("{8BC9CEB8-8B4A-11D0-8D11-00A0C91BC942}") = "dop7.7", "dop7.7.vcxproj", "{B7A7C0F2-EA9B-4F0B-9914-55E6AB1CEF5A}"
EndProject
Global
	GlobalSection(SolutionConfigurationPlatforms) = preSolution
		Debug|x64 = Debug|x64
		Debug|x86 = Debug|x86
		Release|x64 = Release|x64
		Release|x86 = Release|x86
	EndGlobalSection
	GlobalSection(ProjectConfigurationPlatforms) = postSolution
		{B7A7C0F2-EA9B-4F0B-9914-55E6AB1CEF5A}.Debug|x64.ActiveCfg = Debug|x64
		{B7A7C0F2-EA9B-4F0B-9914-55E6AB1CEF5A}.Debug|x64.Build.0 = Debug|x64
		{B7A7C0F2-EA9B-4F0B-9914-55E6AB1CEF5A}.Debug|x86.ActiveCfg = Debug|Win32
		{B7A7C0F2-EA9B-4F0B-9914-55E6AB1CEF5A}.Debug|x86.Build.0 = Debug|Win32
		{B7A7C0F2-EA9B-4F0B-9914-55E6AB1CEF5A}.Release|x64.ActiveCfg = Release|x64
		{B7A7C0F2-EA9B-4F0B-9914-55E6AB1CEF5A}.Release|x64.Build.0 = Release|x64
		{B7A7C0F2-EA9B-4F0B-9914-55E6AB1CEF5A}.Release|x86.ActiveCfg = Release|Win32
		{B7A7C0F2-EA9B-4F0B-9914-55E6AB1CEF5A}.Release|x86.Build.0 = Release|Win32
	EndGlobalSection
	GlobalSection(SolutionProperties) = preSolution
		HideSolutionNode = FALSE
	EndGlobalSection
	GlobalSection(ExtensibilityGlobals) = postSolution
		SolutionGuid = {21458DBA-4B64-47DC-8F61-636743B75ED5}
	EndGlobalSection
EndGlobal
